
Microsoft Visual Studio Solution File, Format Version 12.00
# Visual Studio Version 17
VisualStudioVersion = 17.0.31903.59
MinimumVisualStudioVersion = 10.0.40219.1
Project("{FAE04EC0-301F-11D3-BF4B-00C04F79EFBC}") = "WORLD.Sharp", "WORLD.Sharp\WORLD.Sharp.csproj", "{32C9FD67-5580-4BFC-83D3-8C874CA3C71A}"
EndProject
Global
	GlobalSection(SolutionConfigurationPlatforms) = preSolution
		Debug|Any CPU = Debug|Any CPU
		Release|Any CPU = Release|Any CPU
	EndGlobalSection
	GlobalSection(ProjectConfigurationPlatforms) = postSolution
		{32C9FD67-5580-4BFC-83D3-8C874CA3C71A}.Debug|Any CPU.ActiveCfg = Debug|Any CPU
		{32C9FD67-5580-4BFC-83D3-8C874CA3C71A}.Debug|Any CPU.Build.0 = Debug|Any CPU
		{32C9FD67-5580-4BFC-83D3-8C874CA3C71A}.Release|Any CPU.ActiveCfg = Release|Any CPU
		{32C9FD67-5580-4BFC-83D3-8C874CA3C71A}.Release|Any CPU.Build.0 = Release|Any CPU
	EndGlobalSection
	GlobalSection(SolutionProperties) = preSolution
		HideSolutionNode = FALSE
	EndGlobalSection
	GlobalSection(ExtensibilityGlobals) = postSolution
		SolutionGuid = {3C2A4FAB-E3FA-410D-9A44-A6A59997FB77}
	EndGlobalSection
EndGlobal
